
Microsoft Visual Studio Solution File, Format Version 12.00
# Visual Studio Version 17
VisualStudioVersion = 17.13.35806.99 d17.13
MinimumVisualStudioVersion = 10.0.40219.1
Project("{FAE04EC0-301F-11D3-BF4B-00C04F79EFBC}") = "PersonalFinanceTrackerApp", "PersonalFinanceTrackerApp.csproj", "{6E1A4B48-59D2-44C0-9A69-A8E3B31A5AB2}"
EndProject
Project("{FAE04EC0-301F-11D3-BF4B-00C04F79EFBC}") = "PersonalFinanceTracker.API", "..\PersonalFinanceTracker.API\PersonalFinanceTracker.API.csproj", "{BC1AC2FD-5808-43B7-87CC-9D3CDEF50AD3}"
EndProject
Global
	GlobalSection(SolutionConfigurationPlatforms) = preSolution
		Debug|Any CPU = Debug|Any CPU
		Release|Any CPU = Release|Any CPU
	EndGlobalSection
	GlobalSection(ProjectConfigurationPlatforms) = postSolution
		{6E1A4B48-59D2-44C0-9A69-A8E3B31A5AB2}.Debug|Any CPU.ActiveCfg = Debug|Any CPU
		{6E1A4B48-59D2-44C0-9A69-A8E3B31A5AB2}.Debug|Any CPU.Build.0 = Debug|Any CPU
		{6E1A4B48-59D2-44C0-9A69-A8E3B31A5AB2}.Release|Any CPU.ActiveCfg = Release|Any CPU
		{6E1A4B48-59D2-44C0-9A69-A8E3B31A5AB2}.Release|Any CPU.Build.0 = Release|Any CPU
		{BC1AC2FD-5808-43B7-87CC-9D3CDEF50AD3}.Debug|Any CPU.ActiveCfg = Debug|Any CPU
		{BC1AC2FD-5808-43B7-87CC-9D3CDEF50AD3}.Debug|Any CPU.Build.0 = Debug|Any CPU
		{BC1AC2FD-5808-43B7-87CC-9D3CDEF50AD3}.Release|Any CPU.ActiveCfg = Release|Any CPU
		{BC1AC2FD-5808-43B7-87CC-9D3CDEF50AD3}.Release|Any CPU.Build.0 = Release|Any CPU
	EndGlobalSection
	GlobalSection(SolutionProperties) = preSolution
		HideSolutionNode = FALSE
	EndGlobalSection
	GlobalSection(ExtensibilityGlobals) = postSolution
		SolutionGuid = {EAB8BCBF-E0F3-4ADC-A930-0F5D03DB210C}
	EndGlobalSection
EndGlobal
